
Microsoft Visual Studio Solution File, Format Version 12.00
# Visual Studio Version 17
VisualStudioVersion = 17.2.32630.192
MinimumVisualStudioVersion = 10.0.40219.1
Project("{2150E333-8FDC-42A3-9474-1A3956D46DE8}") = "Comun", "Comun", "{A0A45EC1-42E0-4C4D-BDAB-459B5013D5A5}"
EndProject
Project("{2150E333-8FDC-42A3-9474-1A3956D46DE8}") = "Empresa", "Empresa", "{DBD1C739-6E35-40B7-99B7-8C639DDA1981}"
EndProject
Project("{9A19103F-16F7-4668-BE54-9A1E7A4F7556}") = "Mozo.Comun.IData", "..\AppComun\Mozo.Comun.IData\Mozo.Comun.IData.csproj", "{966752C0-3DEC-45A2-AAA3-0030124DF16A}"
EndProject
Project("{9A19103F-16F7-4668-BE54-9A1E7A4F7556}") = "Mozo.Comun.Data", "..\AppComun\Mozo.Comun.Data\Mozo.Comun.Data.csproj", "{96815D25-43D9-4232-970B-4F08E0B645FC}"
EndProject
Project("{9A19103F-16F7-4668-BE54-9A1E7A4F7556}") = "Mozo.Comun.Helper", "..\AppComun\Mozo.Comun.Helper\Mozo.Comun.Helper.csproj", "{23C8C095-1505-4859-AFE4-AA6652C966D9}"
EndProject
Project("{9A19103F-16F7-4668-BE54-9A1E7A4F7556}") = "Mozo.ApiEmpresa", "Mozo.ApiEmpresa\Mozo.ApiEmpresa.csproj", "{4486B658-4E5E-41C6-B703-3AE4E4B807F9}"
EndProject
Project("{9A19103F-16F7-4668-BE54-9A1E7A4F7556}") = "Mozo.Model", "..\AppComun\Mozo.Bl\Mozo.Model.csproj", "{DAD616A2-FBF4-4BF1-867C-1B990D7AEA9D}"
EndProject
Project("{9A19103F-16F7-4668-BE54-9A1E7A4F7556}") = "Mozo.Entity", "..\AppComun\Mozo.Entity\Mozo.Entity.csproj", "{37A9C392-7270-4E5A-9163-B27A4489D28C}"
EndProject
Project("{9A19103F-16F7-4668-BE54-9A1E7A4F7556}") = "Mozo.Comun.Implement", "..\AppComun\Mozo.Comun.Implement\Mozo.Comun.Implement.csproj", "{D7764793-CED8-4F14-84B2-29CDB067C5EF}"
EndProject
Project("{9A19103F-16F7-4668-BE54-9A1E7A4F7556}") = "Mozo.AppEmpresa", "..\UnitOfWork\Empresa\Mozo.AppEmpresa\Mozo.AppEmpresa.csproj", "{9C2AE039-104A-4950-9E80-0D79AF2FEDDF}"
EndProject
Project("{9A19103F-16F7-4668-BE54-9A1E7A4F7556}") = "Mozo.AppEmpresa.Interface", "..\UnitOfWork\Empresa\Mozo.AppEmpresa.Interface\Mozo.AppEmpresa.Interface.csproj", "{4DB898A0-8B69-4BC1-B8D1-E5649301DFF8}"
EndProject
Project("{9A19103F-16F7-4668-BE54-9A1E7A4F7556}") = "Mozo.CrossCuttingEmpresa", "..\UnitOfWork\Empresa\Mozo.CrossCuttingEmpresa\Mozo.CrossCuttingEmpresa.csproj", "{DE7A469F-9F12-4BB1-940D-7A3A7DF71D34}"
EndProject
Project("{9A19103F-16F7-4668-BE54-9A1E7A4F7556}") = "Mozo.DaEmpresa", "..\UnitOfWork\Empresa\Mozo.DaEmpresa\Mozo.DaEmpresa.csproj", "{F52997EA-F047-433A-8DC8-38410E88D90F}"
EndProject
Project("{9A19103F-16F7-4668-BE54-9A1E7A4F7556}") = "Mozo.DaEmpresa.Interface", "..\UnitOfWork\Empresa\Mozo.DaEmpresa.Interface\Mozo.DaEmpresa.Interface.csproj", "{97FB96B3-F573-4EA5-8375-543892863854}"
EndProject
Global
	GlobalSection(SolutionConfigurationPlatforms) = preSolution
		Debug|Any CPU = Debug|Any CPU
		Release|Any CPU = Release|Any CPU
	EndGlobalSection
	GlobalSection(ProjectConfigurationPlatforms) = postSolution
		{966752C0-3DEC-45A2-AAA3-0030124DF16A}.Debug|Any CPU.ActiveCfg = Debug|Any CPU
		{966752C0-3DEC-45A2-AAA3-0030124DF16A}.Debug|Any CPU.Build.0 = Debug|Any CPU
		{966752C0-3DEC-45A2-AAA3-0030124DF16A}.Release|Any CPU.ActiveCfg = Release|Any CPU
		{966752C0-3DEC-45A2-AAA3-0030124DF16A}.Release|Any CPU.Build.0 = Release|Any CPU
		{96815D25-43D9-4232-970B-4F08E0B645FC}.Debug|Any CPU.ActiveCfg = Debug|Any CPU
		{96815D25-43D9-4232-970B-4F08E0B645FC}.Debug|Any CPU.Build.0 = Debug|Any CPU
		{96815D25-43D9-4232-970B-4F08E0B645FC}.Release|Any CPU.ActiveCfg = Release|Any CPU
		{96815D25-43D9-4232-970B-4F08E0B645FC}.Release|Any CPU.Build.0 = Release|Any CPU
		{23C8C095-1505-4859-AFE4-AA6652C966D9}.Debug|Any CPU.ActiveCfg = Debug|Any CPU
		{23C8C095-1505-4859-AFE4-AA6652C966D9}.Debug|Any CPU.Build.0 = Debug|Any CPU
		{23C8C095-1505-4859-AFE4-AA6652C966D9}.Release|Any CPU.ActiveCfg = Release|Any CPU
		{23C8C095-1505-4859-AFE4-AA6652C966D9}.Release|Any CPU.Build.0 = Release|Any CPU
		{4486B658-4E5E-41C6-B703-3AE4E4B807F9}.Debug|Any CPU.ActiveCfg = Debug|Any CPU
		{4486B658-4E5E-41C6-B703-3AE4E4B807F9}.Debug|Any CPU.Build.0 = Debug|Any CPU
		{4486B658-4E5E-41C6-B703-3AE4E4B807F9}.Release|Any CPU.ActiveCfg = Release|Any CPU
		{4486B658-4E5E-41C6-B703-3AE4E4B807F9}.Release|Any CPU.Build.0 = Release|Any CPU
		{DAD616A2-FBF4-4BF1-867C-1B990D7AEA9D}.Debug|Any CPU.ActiveCfg = Debug|Any CPU
		{DAD616A2-FBF4-4BF1-867C-1B990D7AEA9D}.Debug|Any CPU.Build.0 = Debug|Any CPU
		{DAD616A2-FBF4-4BF1-867C-1B990D7AEA9D}.Release|Any CPU.ActiveCfg = Release|Any CPU
		{DAD616A2-FBF4-4BF1-867C-1B990D7AEA9D}.Release|Any CPU.Build.0 = Release|Any CPU
		{37A9C392-7270-4E5A-9163-B27A4489D28C}.Debug|Any CPU.ActiveCfg = Debug|Any CPU
		{37A9C392-7270-4E5A-9163-B27A4489D28C}.Debug|Any CPU.Build.0 = Debug|Any CPU
		{37A9C392-7270-4E5A-9163-B27A4489D28C}.Release|Any CPU.ActiveCfg = Release|Any CPU
		{37A9C392-7270-4E5A-9163-B27A4489D28C}.Release|Any CPU.Build.0 = Release|Any CPU
		{D7764793-CED8-4F14-84B2-29CDB067C5EF}.Debug|Any CPU.ActiveCfg = Debug|Any CPU
		{D7764793-CED8-4F14-84B2-29CDB067C5EF}.Debug|Any CPU.Build.0 = Debug|Any CPU
		{D7764793-CED8-4F14-84B2-29CDB067C5EF}.Release|Any CPU.ActiveCfg = Release|Any CPU
		{D7764793-CED8-4F14-84B2-29CDB067C5EF}.Release|Any CPU.Build.0 = Release|Any CPU
		{9C2AE039-104A-4950-9E80-0D79AF2FEDDF}.Debug|Any CPU.ActiveCfg = Debug|Any CPU
		{9C2AE039-104A-4950-9E80-0D79AF2FEDDF}.Debug|Any CPU.Build.0 = Debug|Any CPU
		{9C2AE039-104A-4950-9E80-0D79AF2FEDDF}.Release|Any CPU.ActiveCfg = Release|Any CPU
		{9C2AE039-104A-4950-9E80-0D79AF2FEDDF}.Release|Any CPU.Build.0 = Release|Any CPU
		{4DB898A0-8B69-4BC1-B8D1-E5649301DFF8}.Debug|Any CPU.ActiveCfg = Debug|Any CPU
		{4DB898A0-8B69-4BC1-B8D1-E5649301DFF8}.Debug|Any CPU.Build.0 = Debug|Any CPU
		{4DB898A0-8B69-4BC1-B8D1-E5649301DFF8}.Release|Any CPU.ActiveCfg = Release|Any CPU
		{4DB898A0-8B69-4BC1-B8D1-E5649301DFF8}.Release|Any CPU.Build.0 = Release|Any CPU
		{DE7A469F-9F12-4BB1-940D-7A3A7DF71D34}.Debug|Any CPU.ActiveCfg = Debug|Any CPU
		{DE7A469F-9F12-4BB1-940D-7A3A7DF71D34}.Debug|Any CPU.Build.0 = Debug|Any CPU
		{DE7A469F-9F12-4BB1-940D-7A3A7DF71D34}.Release|Any CPU.ActiveCfg = Release|Any CPU
		{DE7A469F-9F12-4BB1-940D-7A3A7DF71D34}.Release|Any CPU.Build.0 = Release|Any CPU
		{F52997EA-F047-433A-8DC8-38410E88D90F}.Debug|Any CPU.ActiveCfg = Debug|Any CPU
		{F52997EA-F047-433A-8DC8-38410E88D90F}.Debug|Any CPU.Build.0 = Debug|Any CPU
		{F52997EA-F047-433A-8DC8-38410E88D90F}.Release|Any CPU.ActiveCfg = Release|Any CPU
		{F52997EA-F047-433A-8DC8-38410E88D90F}.Release|Any CPU.Build.0 = Release|Any CPU
		{97FB96B3-F573-4EA5-8375-543892863854}.Debug|Any CPU.ActiveCfg = Debug|Any CPU
		{97FB96B3-F573-4EA5-8375-543892863854}.Debug|Any CPU.Build.0 = Debug|Any CPU
		{97FB96B3-F573-4EA5-8375-543892863854}.Release|Any CPU.ActiveCfg = Release|Any CPU
		{97FB96B3-F573-4EA5-8375-543892863854}.Release|Any CPU.Build.0 = Release|Any CPU
	EndGlobalSection
	GlobalSection(SolutionProperties) = preSolution
		HideSolutionNode = FALSE
	EndGlobalSection
	GlobalSection(NestedProjects) = preSolution
		{966752C0-3DEC-45A2-AAA3-0030124DF16A} = {A0A45EC1-42E0-4C4D-BDAB-459B5013D5A5}
		{96815D25-43D9-4232-970B-4F08E0B645FC} = {A0A45EC1-42E0-4C4D-BDAB-459B5013D5A5}
		{23C8C095-1505-4859-AFE4-AA6652C966D9} = {A0A45EC1-42E0-4C4D-BDAB-459B5013D5A5}
		{DAD616A2-FBF4-4BF1-867C-1B990D7AEA9D} = {A0A45EC1-42E0-4C4D-BDAB-459B5013D5A5}
		{37A9C392-7270-4E5A-9163-B27A4489D28C} = {A0A45EC1-42E0-4C4D-BDAB-459B5013D5A5}
		{D7764793-CED8-4F14-84B2-29CDB067C5EF} = {A0A45EC1-42E0-4C4D-BDAB-459B5013D5A5}
		{9C2AE039-104A-4950-9E80-0D79AF2FEDDF} = {DBD1C739-6E35-40B7-99B7-8C639DDA1981}
		{4DB898A0-8B69-4BC1-B8D1-E5649301DFF8} = {DBD1C739-6E35-40B7-99B7-8C639DDA1981}
		{DE7A469F-9F12-4BB1-940D-7A3A7DF71D34} = {DBD1C739-6E35-40B7-99B7-8C639DDA1981}
		{F52997EA-F047-433A-8DC8-38410E88D90F} = {DBD1C739-6E35-40B7-99B7-8C639DDA1981}
		{97FB96B3-F573-4EA5-8375-543892863854} = {DBD1C739-6E35-40B7-99B7-8C639DDA1981}
	EndGlobalSection
	GlobalSection(ExtensibilityGlobals) = postSolution
		SolutionGuid = {2552BBCE-D213-4C75-9541-ABB738BFAF72}
	EndGlobalSection
EndGlobal
